
Microsoft Visual Studio Solution File, Format Version 12.00
# Visual Studio Version 16
VisualStudioVersion = 16.0.31624.102
MinimumVisualStudioVersion = 10.0.40219.1
Project("{FAE04EC0-301F-11D3-BF4B-00C04F79EFBC}") = "Hello_World.Android", "Hello_World\Hello_World.Android\Hello_World.Android.csproj", "{B952E1AC-D3D9-4B7A-90D2-164FC66D2A18}"
EndProject
Project("{FAE04EC0-301F-11D3-BF4B-00C04F79EFBC}") = "Hello_World.iOS", "Hello_World\Hello_World.iOS\Hello_World.iOS.csproj", "{17CA0A1E-B3A5-4257-A352-94BE5910BF6D}"
EndProject
Project("{FAE04EC0-301F-11D3-BF4B-00C04F79EFBC}") = "Hello_World", "Hello_World\Hello_World\Hello_World.csproj", "{43588786-73E8-4E1A-A75A-B05BB474C695}"
EndProject
Global
	GlobalSection(SolutionConfigurationPlatforms) = preSolution
		Debug|Any CPU = Debug|Any CPU
		Debug|iPhone = Debug|iPhone
		Debug|iPhoneSimulator = Debug|iPhoneSimulator
		Release|Any CPU = Release|Any CPU
		Release|iPhone = Release|iPhone
		Release|iPhoneSimulator = Release|iPhoneSimulator
	EndGlobalSection
	GlobalSection(ProjectConfigurationPlatforms) = postSolution
		{B952E1AC-D3D9-4B7A-90D2-164FC66D2A18}.Debug|Any CPU.ActiveCfg = Debug|Any CPU
		{B952E1AC-D3D9-4B7A-90D2-164FC66D2A18}.Debug|Any CPU.Build.0 = Debug|Any CPU
		{B952E1AC-D3D9-4B7A-90D2-164FC66D2A18}.Debug|Any CPU.Deploy.0 = Debug|Any CPU
		{B952E1AC-D3D9-4B7A-90D2-164FC66D2A18}.Debug|iPhone.ActiveCfg = Debug|Any CPU
		{B952E1AC-D3D9-4B7A-90D2-164FC66D2A18}.Debug|iPhone.Build.0 = Debug|Any CPU
		{B952E1AC-D3D9-4B7A-90D2-164FC66D2A18}.Debug|iPhone.Deploy.0 = Debug|Any CPU
		{B952E1AC-D3D9-4B7A-90D2-164FC66D2A18}.Debug|iPhoneSimulator.ActiveCfg = Debug|Any CPU
		{B952E1AC-D3D9-4B7A-90D2-164FC66D2A18}.Debug|iPhoneSimulator.Build.0 = Debug|Any CPU
		{B952E1AC-D3D9-4B7A-90D2-164FC66D2A18}.Debug|iPhoneSimulator.Deploy.0 = Debug|Any CPU
		{B952E1AC-D3D9-4B7A-90D2-164FC66D2A18}.Release|Any CPU.ActiveCfg = Release|Any CPU
		{B952E1AC-D3D9-4B7A-90D2-164FC66D2A18}.Release|Any CPU.Build.0 = Release|Any CPU
		{B952E1AC-D3D9-4B7A-90D2-164FC66D2A18}.Release|Any CPU.Deploy.0 = Release|Any CPU
		{B952E1AC-D3D9-4B7A-90D2-164FC66D2A18}.Release|iPhone.ActiveCfg = Release|Any CPU
		{B952E1AC-D3D9-4B7A-90D2-164FC66D2A18}.Release|iPhone.Build.0 = Release|Any CPU
		{B952E1AC-D3D9-4B7A-90D2-164FC66D2A18}.Release|iPhone.Deploy.0 = Release|Any CPU
		{B952E1AC-D3D9-4B7A-90D2-164FC66D2A18}.Release|iPhoneSimulator.ActiveCfg = Release|Any CPU
		{B952E1AC-D3D9-4B7A-90D2-164FC66D2A18}.Release|iPhoneSimulator.Build.0 = Release|Any CPU
		{B952E1AC-D3D9-4B7A-90D2-164FC66D2A18}.Release|iPhoneSimulator.Deploy.0 = Release|Any CPU
		{17CA0A1E-B3A5-4257-A352-94BE5910BF6D}.Debug|Any CPU.ActiveCfg = Debug|iPhone
		{17CA0A1E-B3A5-4257-A352-94BE5910BF6D}.Debug|Any CPU.Build.0 = Debug|iPhone
		{17CA0A1E-B3A5-4257-A352-94BE5910BF6D}.Debug|Any CPU.Deploy.0 = Debug|iPhone
		{17CA0A1E-B3A5-4257-A352-94BE5910BF6D}.Debug|iPhone.ActiveCfg = Debug|iPhone
		{17CA0A1E-B3A5-4257-A352-94BE5910BF6D}.Debug|iPhone.Build.0 = Debug|iPhone
		{17CA0A1E-B3A5-4257-A352-94BE5910BF6D}.Debug|iPhone.Deploy.0 = Debug|iPhone
		{17CA0A1E-B3A5-4257-A352-94BE5910BF6D}.Debug|iPhoneSimulator.ActiveCfg = Debug|iPhoneSimulator
		{17CA0A1E-B3A5-4257-A352-94BE5910BF6D}.Debug|iPhoneSimulator.Build.0 = Debug|iPhoneSimulator
		{17CA0A1E-B3A5-4257-A352-94BE5910BF6D}.Debug|iPhoneSimulator.Deploy.0 = Debug|iPhoneSimulator
		{17CA0A1E-B3A5-4257-A352-94BE5910BF6D}.Release|Any CPU.ActiveCfg = Release|iPhoneSimulator
		{17CA0A1E-B3A5-4257-A352-94BE5910BF6D}.Release|Any CPU.Build.0 = Release|iPhoneSimulator
		{17CA0A1E-B3A5-4257-A352-94BE5910BF6D}.Release|Any CPU.Deploy.0 = Release|iPhoneSimulator
		{17CA0A1E-B3A5-4257-A352-94BE5910BF6D}.Release|iPhone.ActiveCfg = Release|iPhone
		{17CA0A1E-B3A5-4257-A352-94BE5910BF6D}.Release|iPhone.Build.0 = Release|iPhone
		{17CA0A1E-B3A5-4257-A352-94BE5910BF6D}.Release|iPhone.Deploy.0 = Release|iPhone
		{17CA0A1E-B3A5-4257-A352-94BE5910BF6D}.Release|iPhoneSimulator.ActiveCfg = Release|iPhoneSimulator
		{17CA0A1E-B3A5-4257-A352-94BE5910BF6D}.Release|iPhoneSimulator.Build.0 = Release|iPhoneSimulator
		{17CA0A1E-B3A5-4257-A352-94BE5910BF6D}.Release|iPhoneSimulator.Deploy.0 = Release|iPhoneSimulator
		{43588786-73E8-4E1A-A75A-B05BB474C695}.Debug|Any CPU.ActiveCfg = Debug|Any CPU
		{43588786-73E8-4E1A-A75A-B05BB474C695}.Debug|Any CPU.Build.0 = Debug|Any CPU
		{43588786-73E8-4E1A-A75A-B05BB474C695}.Debug|Any CPU.Deploy.0 = Debug|Any CPU
		{43588786-73E8-4E1A-A75A-B05BB474C695}.Debug|iPhone.ActiveCfg = Debug|Any CPU
		{43588786-73E8-4E1A-A75A-B05BB474C695}.Debug|iPhone.Build.0 = Debug|Any CPU
		{43588786-73E8-4E1A-A75A-B05BB474C695}.Debug|iPhone.Deploy.0 = Debug|Any CPU
		{43588786-73E8-4E1A-A75A-B05BB474C695}.Debug|iPhoneSimulator.ActiveCfg = Debug|Any CPU
		{43588786-73E8-4E1A-A75A-B05BB474C695}.Debug|iPhoneSimulator.Build.0 = Debug|Any CPU
		{43588786-73E8-4E1A-A75A-B05BB474C695}.Debug|iPhoneSimulator.Deploy.0 = Debug|Any CPU
		{43588786-73E8-4E1A-A75A-B05BB474C695}.Release|Any CPU.ActiveCfg = Release|Any CPU
		{43588786-73E8-4E1A-A75A-B05BB474C695}.Release|Any CPU.Build.0 = Release|Any CPU
		{43588786-73E8-4E1A-A75A-B05BB474C695}.Release|Any CPU.Deploy.0 = Release|Any CPU
		{43588786-73E8-4E1A-A75A-B05BB474C695}.Release|iPhone.ActiveCfg = Release|Any CPU
		{43588786-73E8-4E1A-A75A-B05BB474C695}.Release|iPhone.Build.0 = Release|Any CPU
		{43588786-73E8-4E1A-A75A-B05BB474C695}.Release|iPhone.Deploy.0 = Release|Any CPU
		{43588786-73E8-4E1A-A75A-B05BB474C695}.Release|iPhoneSimulator.ActiveCfg = Release|Any CPU
		{43588786-73E8-4E1A-A75A-B05BB474C695}.Release|iPhoneSimulator.Build.0 = Release|Any CPU
		{43588786-73E8-4E1A-A75A-B05BB474C695}.Release|iPhoneSimulator.Deploy.0 = Release|Any CPU
	EndGlobalSection
	GlobalSection(SolutionProperties) = preSolution
		HideSolutionNode = FALSE
	EndGlobalSection
	GlobalSection(ExtensibilityGlobals) = postSolution
		SolutionGuid = {DAC38CAA-621E-4284-91F9-D9001007DDC9}
	EndGlobalSection
EndGlobal
